<?xml version="1.0" encoding="UTF-8" standalone="yes" ?>
<CodeBlocks_project_file>
	<FileVersion major="1" minor="6" />
	<Project>
		<Option title="Jogo_Torcido" />
		<Option pch_mode="2" />
		<Option compiler="gcc" />
		<Build>
			<Target title="Debug">
				<Option output="build/bin/Debug/Jogo_Torcido" prefix_auto="1" extension_auto="1" />
				<Option object_output="build/obj/Debug/" />
				<Option type="1" />
				<Option compiler="gcc" />
				<Compiler>
					<Add option="-g" />
					<Add option="-Iinclude" />
				</Compiler>
				<Linker>
					<Add option="-lraylib -lopengl32 -lgdi32 -lwinmm" />
					<Add library="../../../../raylib/w64devkit/x86_64-w64-mingw32/lib/libraylib.a" />
				</Linker>
			</Target>
			<Target title="Release">
				<Option output="build/bin/Release/Jogo_Torcido" prefix_auto="1" extension_auto="1" />
				<Option object_output="build/obj/Release/" />
				<Option type="1" />
				<Option compiler="gcc" />
				<Compiler>
					<Add option="-O2" />
					<Add option="-Iinclude" />
				</Compiler>
				<Linker>
					<Add option="-s" />
				</Linker>
			</Target>
		</Build>
		<Compiler>
			<Add option="-Wall" />
			<Add option="-fexceptions" />
		</Compiler>
		<Unit filename="include/interface.h" />
		<Unit filename="src/main.cpp" />
		<Unit filename="include/nucleo_jogo.h" />
		<Unit filename="include/pilha.h" />
		<Extensions>
			<lib_finder disable_auto="1" />
		</Extensions>
	</Project>
</CodeBlocks_project_file>
